
Microsoft Visual Studio Solution File, Format Version 12.00
# Visual Studio 14
VisualStudioVersion = 14.0.23107.0
MinimumVisualStudioVersion = 10.0.40219.1
Project("{FAE04EC0-301F-11D3-BF4B-00C04F79EFBC}") = "Automateles", "Automateles\Automateles.csproj", "{DAC6BD9C-019B-425F-9A88-99C96DB11444}"
EndProject
Project("{FAE04EC0-301F-11D3-BF4B-00C04F79EFBC}") = "Automateles.Tests", "Automateles.Tests\Automateles.Tests.csproj", "{C69CE7B4-98C7-4E95-B3A4-70224521BCFD}"
EndProject
Global
	GlobalSection(SolutionConfigurationPlatforms) = preSolution
		Debug|Any CPU = Debug|Any CPU
		Release|Any CPU = Release|Any CPU
	EndGlobalSection
	GlobalSection(ProjectConfigurationPlatforms) = postSolution
		{DAC6BD9C-019B-425F-9A88-99C96DB11444}.Debug|Any CPU.ActiveCfg = Debug|Any CPU
		{DAC6BD9C-019B-425F-9A88-99C96DB11444}.Debug|Any CPU.Build.0 = Debug|Any CPU
		{DAC6BD9C-019B-425F-9A88-99C96DB11444}.Release|Any CPU.ActiveCfg = Release|Any CPU
		{DAC6BD9C-019B-425F-9A88-99C96DB11444}.Release|Any CPU.Build.0 = Release|Any CPU
		{C69CE7B4-98C7-4E95-B3A4-70224521BCFD}.Debug|Any CPU.ActiveCfg = Debug|Any CPU
		{C69CE7B4-98C7-4E95-B3A4-70224521BCFD}.Debug|Any CPU.Build.0 = Debug|Any CPU
		{C69CE7B4-98C7-4E95-B3A4-70224521BCFD}.Release|Any CPU.ActiveCfg = Release|Any CPU
		{C69CE7B4-98C7-4E95-B3A4-70224521BCFD}.Release|Any CPU.Build.0 = Release|Any CPU
	EndGlobalSection
	GlobalSection(SolutionProperties) = preSolution
		HideSolutionNode = FALSE
	EndGlobalSection
EndGlobal
